<Solution>
  <Folder Name="/Solution Items/">
    <File Path=".editorconfig" />
    <File Path="Directory.Build.props" />
  </Folder>
  <Folder Name="/src/" />
  <Folder Name="/src/API/">
    <Project Path="src/Evently.Api/Evently.Api.csproj" Id="22e5da24-1b82-4827-afa7-912847ba6a26" />
  </Folder>
  <Folder Name="/src/Common/">
    <Project Path="src/Evently.Common.Application/Evently.Common.Application.csproj" Id="97fa7741-deb6-4f79-bb27-03e3e80025b8" />
    <Project Path="src/Evently.Common.Domain/Evently.Common.Domain.csproj" Id="4168512f-e0e4-49f4-aedb-68af9a9a398c" />
    <Project Path="src/Evently.Common.Infrastructure/Evently.Common.Infrastructure.csproj" Id="75ee89fc-192c-4278-bc68-702d40ac1912" />
    <Project Path="src/Evently.Common.Presentation/Evently.Common.Presentation.csproj" Id="803cb5ca-90a9-4f8c-90f1-6fcfb25fc5ef" />
  </Folder>
  <Folder Name="/src/Modules/" />
  <Folder Name="/src/Modules/Events/">
    <Project Path="src/Evently.Modules.Events.Application/Evently.Modules.Events.Application.csproj" Id="6958c563-0c88-4d03-a0f0-fef8544e9572" />
    <Project Path="src/Evently.Modules.Events.Domain/Evently.Modules.Events.Domain.csproj" Id="c372e1a5-7f30-43de-a4f3-7d1367113cd3" />
    <Project Path="src/Evently.Modules.Events.Infrastructure/Evently.Modules.Events.Infrastructure.csproj" Id="f29a7778-7463-454f-bb13-8afabfa7b705" />
    <Project Path="src/Evently.Modules.Events.Presentation/Evently.Modules.Events.Presentation.csproj" Id="141de351-476f-4f23-af67-8c7ce9c28f76" />
  </Folder>
  <Project Path="docker-compose.dcproj">
    <Build />
  </Project>
</Solution>
